
Microsoft Visual Studio Solution File, Format Version 12.00
# Visual Studio 14
VisualStudioVersion = 14.0.25420.1
MinimumVisualStudioVersion = 10.0.40219.1
Project("{FAE04EC0-301F-11D3-BF4B-00C04F79EFBC}") = "PwdWDecorator.Decorator", "PwdWDecorator.Decorator\PwdWDecorator.Decorator.csproj", "{8EABE73B-ECB8-4FA3-8E66-EDD8B192249D}"
EndProject
Project("{FAE04EC0-301F-11D3-BF4B-00C04F79EFBC}") = "TestApp", "TestApp\TestApp.csproj", "{8DC604F0-892C-4765-ABDB-33F5A6087BCA}"
EndProject
Global
	GlobalSection(SolutionConfigurationPlatforms) = preSolution
		Debug|Any CPU = Debug|Any CPU
		Release|Any CPU = Release|Any CPU
	EndGlobalSection
	GlobalSection(ProjectConfigurationPlatforms) = postSolution
		{8EABE73B-ECB8-4FA3-8E66-EDD8B192249D}.Debug|Any CPU.ActiveCfg = Debug|Any CPU
		{8EABE73B-ECB8-4FA3-8E66-EDD8B192249D}.Debug|Any CPU.Build.0 = Debug|Any CPU
		{8EABE73B-ECB8-4FA3-8E66-EDD8B192249D}.Release|Any CPU.ActiveCfg = Release|Any CPU
		{8EABE73B-ECB8-4FA3-8E66-EDD8B192249D}.Release|Any CPU.Build.0 = Release|Any CPU
		{8DC604F0-892C-4765-ABDB-33F5A6087BCA}.Debug|Any CPU.ActiveCfg = Debug|Any CPU
		{8DC604F0-892C-4765-ABDB-33F5A6087BCA}.Debug|Any CPU.Build.0 = Debug|Any CPU
		{8DC604F0-892C-4765-ABDB-33F5A6087BCA}.Release|Any CPU.ActiveCfg = Release|Any CPU
		{8DC604F0-892C-4765-ABDB-33F5A6087BCA}.Release|Any CPU.Build.0 = Release|Any CPU
	EndGlobalSection
	GlobalSection(SolutionProperties) = preSolution
		HideSolutionNode = FALSE
	EndGlobalSection
EndGlobal
